
Microsoft Visual Studio Solution File, Format Version 12.00
# Visual Studio 15
VisualStudioVersion = 15.0.27004.2002
MinimumVisualStudioVersion = 10.0.40219.1
Project("{FAE04EC0-301F-11D3-BF4B-00C04F79EFBC}") = "Day01", "Day1\Day01.csproj", "{9132D65C-F8E3-4E3A-8BF7-33A85A508DB4}"
EndProject
Project("{FAE04EC0-301F-11D3-BF4B-00C04F79EFBC}") = "Day02", "Day2\Day02.csproj", "{B0FD49A2-C871-4BE2-9C77-575000B51B34}"
EndProject
Project("{FAE04EC0-301F-11D3-BF4B-00C04F79EFBC}") = "Day03", "Day3\Day03.csproj", "{18EF2551-48B0-4AFD-A5A5-73A3B1835E0D}"
EndProject
Project("{FAE04EC0-301F-11D3-BF4B-00C04F79EFBC}") = "Day04", "Day4\Day04.csproj", "{899A0BDC-35FD-4B32-B7C6-37A3C9E888B8}"
EndProject
Project("{FAE04EC0-301F-11D3-BF4B-00C04F79EFBC}") = "Day05", "Day5\Day05.csproj", "{4F0AA1C9-8EB4-40AE-9E62-0DF27974A7CA}"
EndProject
Project("{FAE04EC0-301F-11D3-BF4B-00C04F79EFBC}") = "Day06", "Day6\Day06.csproj", "{F4066440-5633-4A86-9FFB-F9B327D4F3AB}"
EndProject
Project("{FAE04EC0-301F-11D3-BF4B-00C04F79EFBC}") = "Day07", "Day7\Day07.csproj", "{CB79BAF5-357A-4104-9048-D61FB5946437}"
EndProject
Project("{FAE04EC0-301F-11D3-BF4B-00C04F79EFBC}") = "Day08", "Day8\Day08.csproj", "{1C9A5921-85F0-4F2A-AA6F-1620EA25EFAB}"
EndProject
Project("{FAE04EC0-301F-11D3-BF4B-00C04F79EFBC}") = "Day09", "Day9\Day09.csproj", "{9CDCAB7F-8AC6-44C3-8431-D9FB8456CC00}"
EndProject
Project("{FAE04EC0-301F-11D3-BF4B-00C04F79EFBC}") = "Day10", "Day10\Day10.csproj", "{BF684469-5604-425C-B309-145E8197FC88}"
EndProject
Project("{FAE04EC0-301F-11D3-BF4B-00C04F79EFBC}") = "Day11", "Day11\Day11.csproj", "{86E33826-EFD2-4A71-A1D3-F208280C0FDD}"
EndProject
Project("{FAE04EC0-301F-11D3-BF4B-00C04F79EFBC}") = "Day12", "Day12\Day12.csproj", "{06F9E871-A778-4921-B356-B53B8DC49E50}"
EndProject
Project("{FAE04EC0-301F-11D3-BF4B-00C04F79EFBC}") = "Day13", "Day13\Day13.csproj", "{EB987D08-E73C-45BE-9FEC-713F3EE75DAF}"
EndProject
Project("{FAE04EC0-301F-11D3-BF4B-00C04F79EFBC}") = "Day14", "Day14\Day14.csproj", "{BDF26124-70BF-44DB-A35A-8E17C7C9753D}"
EndProject
Project("{FAE04EC0-301F-11D3-BF4B-00C04F79EFBC}") = "Day15", "Day15\Day15.csproj", "{4D48A89B-1325-4CFC-8846-F838EEB4CDDF}"
EndProject
Project("{FAE04EC0-301F-11D3-BF4B-00C04F79EFBC}") = "Day16", "Day16\Day16.csproj", "{2FF1A33F-F9B2-4E7E-A7A9-D987F661E722}"
EndProject
Project("{FAE04EC0-301F-11D3-BF4B-00C04F79EFBC}") = "Day23", "Day23\Day23.csproj", "{4FFFCE98-AEB7-4271-B860-85B78EB23879}"
EndProject
Global
	GlobalSection(SolutionConfigurationPlatforms) = preSolution
		Debug|Any CPU = Debug|Any CPU
		Release|Any CPU = Release|Any CPU
	EndGlobalSection
	GlobalSection(ProjectConfigurationPlatforms) = postSolution
		{9132D65C-F8E3-4E3A-8BF7-33A85A508DB4}.Debug|Any CPU.ActiveCfg = Debug|Any CPU
		{9132D65C-F8E3-4E3A-8BF7-33A85A508DB4}.Debug|Any CPU.Build.0 = Debug|Any CPU
		{9132D65C-F8E3-4E3A-8BF7-33A85A508DB4}.Release|Any CPU.ActiveCfg = Release|Any CPU
		{9132D65C-F8E3-4E3A-8BF7-33A85A508DB4}.Release|Any CPU.Build.0 = Release|Any CPU
		{B0FD49A2-C871-4BE2-9C77-575000B51B34}.Debug|Any CPU.ActiveCfg = Debug|Any CPU
		{B0FD49A2-C871-4BE2-9C77-575000B51B34}.Debug|Any CPU.Build.0 = Debug|Any CPU
		{B0FD49A2-C871-4BE2-9C77-575000B51B34}.Release|Any CPU.ActiveCfg = Release|Any CPU
		{B0FD49A2-C871-4BE2-9C77-575000B51B34}.Release|Any CPU.Build.0 = Release|Any CPU
		{18EF2551-48B0-4AFD-A5A5-73A3B1835E0D}.Debug|Any CPU.ActiveCfg = Debug|Any CPU
		{18EF2551-48B0-4AFD-A5A5-73A3B1835E0D}.Debug|Any CPU.Build.0 = Debug|Any CPU
		{18EF2551-48B0-4AFD-A5A5-73A3B1835E0D}.Release|Any CPU.ActiveCfg = Release|Any CPU
		{18EF2551-48B0-4AFD-A5A5-73A3B1835E0D}.Release|Any CPU.Build.0 = Release|Any CPU
		{899A0BDC-35FD-4B32-B7C6-37A3C9E888B8}.Debug|Any CPU.ActiveCfg = Debug|Any CPU
		{899A0BDC-35FD-4B32-B7C6-37A3C9E888B8}.Debug|Any CPU.Build.0 = Debug|Any CPU
		{899A0BDC-35FD-4B32-B7C6-37A3C9E888B8}.Release|Any CPU.ActiveCfg = Release|Any CPU
		{899A0BDC-35FD-4B32-B7C6-37A3C9E888B8}.Release|Any CPU.Build.0 = Release|Any CPU
		{4F0AA1C9-8EB4-40AE-9E62-0DF27974A7CA}.Debug|Any CPU.ActiveCfg = Debug|Any CPU
		{4F0AA1C9-8EB4-40AE-9E62-0DF27974A7CA}.Debug|Any CPU.Build.0 = Debug|Any CPU
		{4F0AA1C9-8EB4-40AE-9E62-0DF27974A7CA}.Release|Any CPU.ActiveCfg = Release|Any CPU
		{4F0AA1C9-8EB4-40AE-9E62-0DF27974A7CA}.Release|Any CPU.Build.0 = Release|Any CPU
		{F4066440-5633-4A86-9FFB-F9B327D4F3AB}.Debug|Any CPU.ActiveCfg = Debug|Any CPU
		{F4066440-5633-4A86-9FFB-F9B327D4F3AB}.Debug|Any CPU.Build.0 = Debug|Any CPU
		{F4066440-5633-4A86-9FFB-F9B327D4F3AB}.Release|Any CPU.ActiveCfg = Release|Any CPU
		{F4066440-5633-4A86-9FFB-F9B327D4F3AB}.Release|Any CPU.Build.0 = Release|Any CPU
		{CB79BAF5-357A-4104-9048-D61FB5946437}.Debug|Any CPU.ActiveCfg = Debug|Any CPU
		{CB79BAF5-357A-4104-9048-D61FB5946437}.Debug|Any CPU.Build.0 = Debug|Any CPU
		{CB79BAF5-357A-4104-9048-D61FB5946437}.Release|Any CPU.ActiveCfg = Release|Any CPU
		{CB79BAF5-357A-4104-9048-D61FB5946437}.Release|Any CPU.Build.0 = Release|Any CPU
		{1C9A5921-85F0-4F2A-AA6F-1620EA25EFAB}.Debug|Any CPU.ActiveCfg = Debug|Any CPU
		{1C9A5921-85F0-4F2A-AA6F-1620EA25EFAB}.Debug|Any CPU.Build.0 = Debug|Any CPU
		{1C9A5921-85F0-4F2A-AA6F-1620EA25EFAB}.Release|Any CPU.ActiveCfg = Release|Any CPU
		{1C9A5921-85F0-4F2A-AA6F-1620EA25EFAB}.Release|Any CPU.Build.0 = Release|Any CPU
		{9CDCAB7F-8AC6-44C3-8431-D9FB8456CC00}.Debug|Any CPU.ActiveCfg = Debug|Any CPU
		{9CDCAB7F-8AC6-44C3-8431-D9FB8456CC00}.Debug|Any CPU.Build.0 = Debug|Any CPU
		{9CDCAB7F-8AC6-44C3-8431-D9FB8456CC00}.Release|Any CPU.ActiveCfg = Release|Any CPU
		{9CDCAB7F-8AC6-44C3-8431-D9FB8456CC00}.Release|Any CPU.Build.0 = Release|Any CPU
		{BF684469-5604-425C-B309-145E8197FC88}.Debug|Any CPU.ActiveCfg = Debug|Any CPU
		{BF684469-5604-425C-B309-145E8197FC88}.Debug|Any CPU.Build.0 = Debug|Any CPU
		{BF684469-5604-425C-B309-145E8197FC88}.Release|Any CPU.ActiveCfg = Release|Any CPU
		{BF684469-5604-425C-B309-145E8197FC88}.Release|Any CPU.Build.0 = Release|Any CPU
		{86E33826-EFD2-4A71-A1D3-F208280C0FDD}.Debug|Any CPU.ActiveCfg = Debug|Any CPU
		{86E33826-EFD2-4A71-A1D3-F208280C0FDD}.Debug|Any CPU.Build.0 = Debug|Any CPU
		{86E33826-EFD2-4A71-A1D3-F208280C0FDD}.Release|Any CPU.ActiveCfg = Release|Any CPU
		{86E33826-EFD2-4A71-A1D3-F208280C0FDD}.Release|Any CPU.Build.0 = Release|Any CPU
		{06F9E871-A778-4921-B356-B53B8DC49E50}.Debug|Any CPU.ActiveCfg = Debug|Any CPU
		{06F9E871-A778-4921-B356-B53B8DC49E50}.Debug|Any CPU.Build.0 = Debug|Any CPU
		{06F9E871-A778-4921-B356-B53B8DC49E50}.Release|Any CPU.ActiveCfg = Release|Any CPU
		{06F9E871-A778-4921-B356-B53B8DC49E50}.Release|Any CPU.Build.0 = Release|Any CPU
		{EB987D08-E73C-45BE-9FEC-713F3EE75DAF}.Debug|Any CPU.ActiveCfg = Debug|Any CPU
		{EB987D08-E73C-45BE-9FEC-713F3EE75DAF}.Debug|Any CPU.Build.0 = Debug|Any CPU
		{EB987D08-E73C-45BE-9FEC-713F3EE75DAF}.Release|Any CPU.ActiveCfg = Release|Any CPU
		{EB987D08-E73C-45BE-9FEC-713F3EE75DAF}.Release|Any CPU.Build.0 = Release|Any CPU
		{BDF26124-70BF-44DB-A35A-8E17C7C9753D}.Debug|Any CPU.ActiveCfg = Debug|Any CPU
		{BDF26124-70BF-44DB-A35A-8E17C7C9753D}.Debug|Any CPU.Build.0 = Debug|Any CPU
		{BDF26124-70BF-44DB-A35A-8E17C7C9753D}.Release|Any CPU.ActiveCfg = Release|Any CPU
		{BDF26124-70BF-44DB-A35A-8E17C7C9753D}.Release|Any CPU.Build.0 = Release|Any CPU
		{4D48A89B-1325-4CFC-8846-F838EEB4CDDF}.Debug|Any CPU.ActiveCfg = Debug|Any CPU
		{4D48A89B-1325-4CFC-8846-F838EEB4CDDF}.Debug|Any CPU.Build.0 = Debug|Any CPU
		{4D48A89B-1325-4CFC-8846-F838EEB4CDDF}.Release|Any CPU.ActiveCfg = Release|Any CPU
		{4D48A89B-1325-4CFC-8846-F838EEB4CDDF}.Release|Any CPU.Build.0 = Release|Any CPU
		{2FF1A33F-F9B2-4E7E-A7A9-D987F661E722}.Debug|Any CPU.ActiveCfg = Debug|Any CPU
		{2FF1A33F-F9B2-4E7E-A7A9-D987F661E722}.Debug|Any CPU.Build.0 = Debug|Any CPU
		{2FF1A33F-F9B2-4E7E-A7A9-D987F661E722}.Release|Any CPU.ActiveCfg = Release|Any CPU
		{2FF1A33F-F9B2-4E7E-A7A9-D987F661E722}.Release|Any CPU.Build.0 = Release|Any CPU
		{4FFFCE98-AEB7-4271-B860-85B78EB23879}.Debug|Any CPU.ActiveCfg = Debug|Any CPU
		{4FFFCE98-AEB7-4271-B860-85B78EB23879}.Debug|Any CPU.Build.0 = Debug|Any CPU
		{4FFFCE98-AEB7-4271-B860-85B78EB23879}.Release|Any CPU.ActiveCfg = Release|Any CPU
		{4FFFCE98-AEB7-4271-B860-85B78EB23879}.Release|Any CPU.Build.0 = Release|Any CPU
	EndGlobalSection
	GlobalSection(SolutionProperties) = preSolution
		HideSolutionNode = FALSE
	EndGlobalSection
	GlobalSection(ExtensibilityGlobals) = postSolution
		SolutionGuid = {CCCD7D13-B56D-4CF4-A462-B67573742B61}
	EndGlobalSection
EndGlobal
